
Microsoft Visual Studio Solution File, Format Version 12.00
# Visual Studio 14
VisualStudioVersion = 14.0.25420.1
MinimumVisualStudioVersion = 10.0.40219.1
Project("{2150E333-8FDC-42A3-9474-1A3956D46DE8}") = "Samples", "Samples", "{EA9A7A71-1E32-42B5-A6CD-45A440C70F74}"
	ProjectSection(SolutionItems) = preProject
		Samples\FullMonty.feature = Samples\FullMonty.feature
	EndProjectSection
EndProject
Project("{2150E333-8FDC-42A3-9474-1A3956D46DE8}") = ".nuget", ".nuget", "{7D6EBFC5-1F44-4C2A-A2DA-B7DE6D3ACBF8}"
	ProjectSection(SolutionItems) = preProject
		.nuget\packages.config = .nuget\packages.config
	EndProjectSection
EndProject
Project("{FAE04EC0-301F-11D3-BF4B-00C04F79EFBC}") = "SpecFlow.VisualStudio.Editor", "SpecFlow.VisualStudio.Editor\SpecFlow.VisualStudio.Editor.csproj", "{6ADE30F4-A56F-4E35-9EEC-C54B029E13DA}"
EndProject
Project("{FAE04EC0-301F-11D3-BF4B-00C04F79EFBC}") = "SpecFlow.VisualStudio.Tests", "SpecFlow.VisualStudio.Tests\SpecFlow.VisualStudio.Tests.csproj", "{CD82D046-D0EE-43C0-970E-ACDABD5F06B7}"
EndProject
Project("{FAE04EC0-301F-11D3-BF4B-00C04F79EFBC}") = "SpecFlow.VisualStudio.NuGetPackages", "SpecFlow.VisualStudio.NuGetPackages\SpecFlow.VisualStudio.NuGetPackages.csproj", "{EC40ACB0-A6B9-4776-9078-B1D72D244787}"
EndProject
Project("{2150E333-8FDC-42A3-9474-1A3956D46DE8}") = "Solution Items", "Solution Items", "{91BAF819-4D44-4895-8522-7B4819D8E67A}"
	ProjectSection(SolutionItems) = preProject
		GitVersion.yml = GitVersion.yml
	EndProjectSection
EndProject
Project("{FAE04EC0-301F-11D3-BF4B-00C04F79EFBC}") = "TechTalk.SpecFlow.IDE.VisualStudio", "TechTalk.SpecFlow.IDE.VisualStudio\TechTalk.SpecFlow.IDE.VisualStudio.csproj", "{49F6037B-0E27-443F-8932-AFFF1C4CF2A3}"
EndProject
Global
	GlobalSection(SolutionConfigurationPlatforms) = preSolution
		Debug|Any CPU = Debug|Any CPU
		Release|Any CPU = Release|Any CPU
	EndGlobalSection
	GlobalSection(ProjectConfigurationPlatforms) = postSolution
		{6ADE30F4-A56F-4E35-9EEC-C54B029E13DA}.Debug|Any CPU.ActiveCfg = Debug|Any CPU
		{6ADE30F4-A56F-4E35-9EEC-C54B029E13DA}.Debug|Any CPU.Build.0 = Debug|Any CPU
		{6ADE30F4-A56F-4E35-9EEC-C54B029E13DA}.Release|Any CPU.ActiveCfg = Release|Any CPU
		{6ADE30F4-A56F-4E35-9EEC-C54B029E13DA}.Release|Any CPU.Build.0 = Release|Any CPU
		{CD82D046-D0EE-43C0-970E-ACDABD5F06B7}.Debug|Any CPU.ActiveCfg = Debug|Any CPU
		{CD82D046-D0EE-43C0-970E-ACDABD5F06B7}.Debug|Any CPU.Build.0 = Debug|Any CPU
		{CD82D046-D0EE-43C0-970E-ACDABD5F06B7}.Release|Any CPU.ActiveCfg = Release|Any CPU
		{CD82D046-D0EE-43C0-970E-ACDABD5F06B7}.Release|Any CPU.Build.0 = Release|Any CPU
		{EC40ACB0-A6B9-4776-9078-B1D72D244787}.Debug|Any CPU.ActiveCfg = Release|Any CPU
		{EC40ACB0-A6B9-4776-9078-B1D72D244787}.Debug|Any CPU.Build.0 = Release|Any CPU
		{EC40ACB0-A6B9-4776-9078-B1D72D244787}.Release|Any CPU.ActiveCfg = Release|Any CPU
		{EC40ACB0-A6B9-4776-9078-B1D72D244787}.Release|Any CPU.Build.0 = Release|Any CPU
		{49F6037B-0E27-443F-8932-AFFF1C4CF2A3}.Debug|Any CPU.ActiveCfg = Debug|Any CPU
		{49F6037B-0E27-443F-8932-AFFF1C4CF2A3}.Debug|Any CPU.Build.0 = Debug|Any CPU
		{49F6037B-0E27-443F-8932-AFFF1C4CF2A3}.Release|Any CPU.ActiveCfg = Release|Any CPU
		{49F6037B-0E27-443F-8932-AFFF1C4CF2A3}.Release|Any CPU.Build.0 = Release|Any CPU
	EndGlobalSection
	GlobalSection(SolutionProperties) = preSolution
		HideSolutionNode = FALSE
	EndGlobalSection
EndGlobal
